// !$*UTF8*$!
{
	archiveVersion = 1;
	classes = {
	};
	objectVersion = 46;
	objects = {

/* Begin PBXBuildFile section */
		DC382E4F1E9B318A0058102C /* RoundChartView.swift in Sources */ = {isa = PBXBuildFile; fileRef = DC382E4E1E9B318A0058102C /* RoundChartView.swift */; };
		DC5F43B21E990F510044AED0 /* Modes+CoreDataClass.swift in Sources */ = {isa = PBXBuildFile; fileRef = DC5F43A61E990F510044AED0 /* Modes+CoreDataClass.swift */; };
		DC5F43B31E990F510044AED0 /* Modes+CoreDataProperties.swift in Sources */ = {isa = PBXBuildFile; fileRef = DC5F43A71E990F510044AED0 /* Modes+CoreDataProperties.swift */; };
		DC5F43B41E990F510044AED0 /* Categories+CoreDataClass.swift in Sources */ = {isa = PBXBuildFile; fileRef = DC5F43A81E990F510044AED0 /* Categories+CoreDataClass.swift */; };
		DC5F43B51E990F510044AED0 /* Categories+CoreDataProperties.swift in Sources */ = {isa = PBXBuildFile; fileRef = DC5F43A91E990F510044AED0 /* Categories+CoreDataProperties.swift */; };
		DC5F43B61E990F510044AED0 /* Scores+CoreDataClass.swift in Sources */ = {isa = PBXBuildFile; fileRef = DC5F43AA1E990F510044AED0 /* Scores+CoreDataClass.swift */; };
		DC5F43B71E990F510044AED0 /* Scores+CoreDataProperties.swift in Sources */ = {isa = PBXBuildFile; fileRef = DC5F43AB1E990F510044AED0 /* Scores+CoreDataProperties.swift */; };
		DC5F43B81E990F510044AED0 /* Games+CoreDataClass.swift in Sources */ = {isa = PBXBuildFile; fileRef = DC5F43AC1E990F510044AED0 /* Games+CoreDataClass.swift */; };
		DC5F43B91E990F510044AED0 /* Games+CoreDataProperties.swift in Sources */ = {isa = PBXBuildFile; fileRef = DC5F43AD1E990F510044AED0 /* Games+CoreDataProperties.swift */; };
		DC5F43BA1E990F510044AED0 /* Anagrams+CoreDataClass.swift in Sources */ = {isa = PBXBuildFile; fileRef = DC5F43AE1E990F510044AED0 /* Anagrams+CoreDataClass.swift */; };
		DC5F43BB1E990F510044AED0 /* Anagrams+CoreDataProperties.swift in Sources */ = {isa = PBXBuildFile; fileRef = DC5F43AF1E990F510044AED0 /* Anagrams+CoreDataProperties.swift */; };
		DC5F43BC1E990F510044AED0 /* Levels+CoreDataClass.swift in Sources */ = {isa = PBXBuildFile; fileRef = DC5F43B01E990F510044AED0 /* Levels+CoreDataClass.swift */; };
		DC5F43BD1E990F510044AED0 /* Levels+CoreDataProperties.swift in Sources */ = {isa = PBXBuildFile; fileRef = DC5F43B11E990F510044AED0 /* Levels+CoreDataProperties.swift */; };
		DC68529D1E91909700A610FE /* Helper.swift in Sources */ = {isa = PBXBuildFile; fileRef = DC68529C1E91909700A610FE /* Helper.swift */; };
		DC68529F1E91938B00A610FE /* UIView+.swift in Sources */ = {isa = PBXBuildFile; fileRef = DC68529E1E91938B00A610FE /* UIView+.swift */; };
		DC6852A11E91977600A610FE /* UIImage+.swift in Sources */ = {isa = PBXBuildFile; fileRef = DC6852A01E91977600A610FE /* UIImage+.swift */; };
		DC7A9A761E9A8A4500448A21 /* Funagrams.sqlite-shm in Resources */ = {isa = PBXBuildFile; fileRef = DC7A9A741E9A8A4500448A21 /* Funagrams.sqlite-shm */; };
		DC7A9A771E9A8A4500448A21 /* Funagrams.sqlite-wal in Resources */ = {isa = PBXBuildFile; fileRef = DC7A9A751E9A8A4500448A21 /* Funagrams.sqlite-wal */; };
		DC7FB0BD1E83606300300F3D /* AppDelegate.swift in Sources */ = {isa = PBXBuildFile; fileRef = DC7FB0BC1E83606300300F3D /* AppDelegate.swift */; };
		DC7FB0BF1E83606300300F3D /* MainViewController.swift in Sources */ = {isa = PBXBuildFile; fileRef = DC7FB0BE1E83606300300F3D /* MainViewController.swift */; };
		DC7FB0C21E83606300300F3D /* Main.storyboard in Resources */ = {isa = PBXBuildFile; fileRef = DC7FB0C01E83606300300F3D /* Main.storyboard */; };
		DC7FB0C71E83606300300F3D /* Assets.xcassets in Resources */ = {isa = PBXBuildFile; fileRef = DC7FB0C61E83606300300F3D /* Assets.xcassets */; };
		DC7FB0CA1E83606300300F3D /* LaunchScreen.storyboard in Resources */ = {isa = PBXBuildFile; fileRef = DC7FB0C81E83606300300F3D /* LaunchScreen.storyboard */; };
		DC7FB0D51E83606400300F3D /* FunagramsTests.swift in Sources */ = {isa = PBXBuildFile; fileRef = DC7FB0D41E83606400300F3D /* FunagramsTests.swift */; };
		DC7FB0E01E83606400300F3D /* FunagramsUITests.swift in Sources */ = {isa = PBXBuildFile; fileRef = DC7FB0DF1E83606400300F3D /* FunagramsUITests.swift */; };
		DC7FB0FB1E8361DA00300F3D /* FunagramsKit.framework in Frameworks */ = {isa = PBXBuildFile; fileRef = DC7FB0F21E8361D900300F3D /* FunagramsKit.framework */; };
		DC7FB1021E8361DA00300F3D /* FunagramsKitTests.swift in Sources */ = {isa = PBXBuildFile; fileRef = DC7FB1011E8361DA00300F3D /* FunagramsKitTests.swift */; };
		DC7FB1041E8361DA00300F3D /* FunagramsKit.h in Headers */ = {isa = PBXBuildFile; fileRef = DC7FB0F41E8361DA00300F3D /* FunagramsKit.h */; settings = {ATTRIBUTES = (Public, ); }; };
		DC7FB1071E8361DA00300F3D /* FunagramsKit.framework in Frameworks */ = {isa = PBXBuildFile; fileRef = DC7FB0F21E8361D900300F3D /* FunagramsKit.framework */; };
		DC7FB1081E8361DA00300F3D /* FunagramsKit.framework in Embed Frameworks */ = {isa = PBXBuildFile; fileRef = DC7FB0F21E8361D900300F3D /* FunagramsKit.framework */; settings = {ATTRIBUTES = (CodeSignOnCopy, RemoveHeadersOnCopy, ); }; };
		DC7FB1121E8363B800300F3D /* iTunesArtwork@2x.png in Resources */ = {isa = PBXBuildFile; fileRef = DC7FB1111E8363B800300F3D /* iTunesArtwork@2x.png */; };
		DC7FB1141E83649400300F3D /* FunagramsKit.swift in Sources */ = {isa = PBXBuildFile; fileRef = DC7FB1131E83649400300F3D /* FunagramsKit.swift */; };
		DC7FB1181E8365DA00300F3D /* GameKit.framework in Frameworks */ = {isa = PBXBuildFile; fileRef = DC7FB1171E8365DA00300F3D /* GameKit.framework */; };
		DC7FB11C1E83695100300F3D /* FunagramModel.xcdatamodeld in Sources */ = {isa = PBXBuildFile; fileRef = DC7FB11A1E83695100300F3D /* FunagramModel.xcdatamodeld */; };
		DC7FB11F1E83697E00300F3D /* Funagrams.sqlite in Resources */ = {isa = PBXBuildFile; fileRef = DC7FB11E1E83697E00300F3D /* Funagrams.sqlite */; };
		DC7FB1211E836A6D00300F3D /* DataManager.swift in Sources */ = {isa = PBXBuildFile; fileRef = DC7FB1201E836A6D00300F3D /* DataManager.swift */; };
		DC7FB1241E836BCF00300F3D /* String+.swift in Sources */ = {isa = PBXBuildFile; fileRef = DC7FB1231E836BCF00300F3D /* String+.swift */; };
		DC7FB1261E836C2200300F3D /* Languages.swift in Sources */ = {isa = PBXBuildFile; fileRef = DC7FB1251E836C2200300F3D /* Languages.swift */; };
		DC7FB1281E836CAC00300F3D /* GameCenter.swift in Sources */ = {isa = PBXBuildFile; fileRef = DC7FB1271E836CAC00300F3D /* GameCenter.swift */; };
		DC7FB12A1E836E1B00300F3D /* InAppPurchase.swift in Sources */ = {isa = PBXBuildFile; fileRef = DC7FB1291E836E1B00300F3D /* InAppPurchase.swift */; };
		DC7FB12C1E836E9000300F3D /* Settings.swift in Sources */ = {isa = PBXBuildFile; fileRef = DC7FB12B1E836E9000300F3D /* Settings.swift */; };
		DC836E9C1E9083420066F003 /* GradientView.swift in Sources */ = {isa = PBXBuildFile; fileRef = DC836E9B1E9083420066F003 /* GradientView.swift */; };
		DC853E9C1E99647C00FAC0E6 /* UICollectionView+.swift in Sources */ = {isa = PBXBuildFile; fileRef = DC853E9B1E99647B00FAC0E6 /* UICollectionView+.swift */; };
		DCBC33F01EA5BC08007657B6 /* Settings.bundle in Resources */ = {isa = PBXBuildFile; fileRef = DCBC33EF1EA5BC08007657B6 /* Settings.bundle */; };
		DCBC33F21EA6EF13007657B6 /* Bundle+.swift in Sources */ = {isa = PBXBuildFile; fileRef = DCBC33F11EA6EF13007657B6 /* Bundle+.swift */; };
		DCE44D2E1E93B7FD00BE0EF2 /* GameViewController.swift in Sources */ = {isa = PBXBuildFile; fileRef = DCE44D2D1E93B7FD00BE0EF2 /* GameViewController.swift */; };
		DCE44D301E944B2700BE0EF2 /* AlphabetCollectionViewCell.swift in Sources */ = {isa = PBXBuildFile; fileRef = DCE44D2F1E944B2700BE0EF2 /* AlphabetCollectionViewCell.swift */; };
		DCE44D331E946AC100BE0EF2 /* Settings.swift in Sources */ = {isa = PBXBuildFile; fileRef = DCE44D321E946AC100BE0EF2 /* Settings.swift */; };
		DCE44D351E94734600BE0EF2 /* BgMusic.mp3 in Resources */ = {isa = PBXBuildFile; fileRef = DCE44D341E94734500BE0EF2 /* BgMusic.mp3 */; };
		DCE44D371E94744B00BE0EF2 /* AVFoundation.framework in Frameworks */ = {isa = PBXBuildFile; fileRef = DCE44D361E94744B00BE0EF2 /* AVFoundation.framework */; };
/* End PBXBuildFile section */

/* Begin PBXContainerItemProxy section */
		DC7FB0D11E83606400300F3D /* PBXContainerItemProxy */ = {
			isa = PBXContainerItemProxy;
			containerPortal = DC7FB0B11E83606300300F3D /* Project object */;
			proxyType = 1;
			remoteGlobalIDString = DC7FB0B81E83606300300F3D;
			remoteInfo = Funagrams;
		};
		DC7FB0DC1E83606400300F3D /* PBXContainerItemProxy */ = {
			isa = PBXContainerItemProxy;
			containerPortal = DC7FB0B11E83606300300F3D /* Project object */;
			proxyType = 1;
			remoteGlobalIDString = DC7FB0B81E83606300300F3D;
			remoteInfo = Funagrams;
		};
		DC7FB0FC1E8361DA00300F3D /* PBXContainerItemProxy */ = {
			isa = PBXContainerItemProxy;
			containerPortal = DC7FB0B11E83606300300F3D /* Project object */;
			proxyType = 1;
			remoteGlobalIDString = DC7FB0F11E8361D900300F3D;
			remoteInfo = FunagramsKit;
		};
		DC7FB0FE1E8361DA00300F3D /* PBXContainerItemProxy */ = {
			isa = PBXContainerItemProxy;
			containerPortal = DC7FB0B11E83606300300F3D /* Project object */;
			proxyType = 1;
			remoteGlobalIDString = DC7FB0B81E83606300300F3D;
			remoteInfo = Funagrams;
		};
		DC7FB1051E8361DA00300F3D /* PBXContainerItemProxy */ = {
			isa = PBXContainerItemProxy;
			containerPortal = DC7FB0B11E83606300300F3D /* Project object */;
			proxyType = 1;
			remoteGlobalIDString = DC7FB0F11E8361D900300F3D;
			remoteInfo = FunagramsKit;
		};
/* End PBXContainerItemProxy section */

/* Begin PBXCopyFilesBuildPhase section */
		DC7FB10C1E8361DB00300F3D /* Embed Frameworks */ = {
			isa = PBXCopyFilesBuildPhase;
			buildActionMask = 2147483647;
			dstPath = "";
			dstSubfolderSpec = 10;
			files = (
				DC7FB1081E8361DA00300F3D /* FunagramsKit.framework in Embed Frameworks */,
			);
			name = "Embed Frameworks";
			runOnlyForDeploymentPostprocessing = 0;
		};
/* End PBXCopyFilesBuildPhase section */

/* Begin PBXFileReference section */
		DC382E4E1E9B318A0058102C /* RoundChartView.swift */ = {isa = PBXFileReference; fileEncoding = 4; lastKnownFileType = sourcecode.swift; path = RoundChartView.swift; sourceTree = "<group>"; };
		DC5F43A61E990F510044AED0 /* Modes+CoreDataClass.swift */ = {isa = PBXFileReference; fileEncoding = 4; lastKnownFileType = sourcecode.swift; path = "Modes+CoreDataClass.swift"; sourceTree = "<group>"; };
		DC5F43A71E990F510044AED0 /* Modes+CoreDataProperties.swift */ = {isa = PBXFileReference; fileEncoding = 4; lastKnownFileType = sourcecode.swift; path = "Modes+CoreDataProperties.swift"; sourceTree = "<group>"; };
		DC5F43A81E990F510044AED0 /* Categories+CoreDataClass.swift */ = {isa = PBXFileReference; fileEncoding = 4; lastKnownFileType = sourcecode.swift; path = "Categories+CoreDataClass.swift"; sourceTree = "<group>"; };
		DC5F43A91E990F510044AED0 /* Categories+CoreDataProperties.swift */ = {isa = PBXFileReference; fileEncoding = 4; lastKnownFileType = sourcecode.swift; path = "Categories+CoreDataProperties.swift"; sourceTree = "<group>"; };
		DC5F43AA1E990F510044AED0 /* Scores+CoreDataClass.swift */ = {isa = PBXFileReference; fileEncoding = 4; lastKnownFileType = sourcecode.swift; path = "Scores+CoreDataClass.swift"; sourceTree = "<group>"; };
		DC5F43AB1E990F510044AED0 /* Scores+CoreDataProperties.swift */ = {isa = PBXFileReference; fileEncoding = 4; lastKnownFileType = sourcecode.swift; path = "Scores+CoreDataProperties.swift"; sourceTree = "<group>"; };
		DC5F43AC1E990F510044AED0 /* Games+CoreDataClass.swift */ = {isa = PBXFileReference; fileEncoding = 4; lastKnownFileType = sourcecode.swift; path = "Games+CoreDataClass.swift"; sourceTree = "<group>"; };
		DC5F43AD1E990F510044AED0 /* Games+CoreDataProperties.swift */ = {isa = PBXFileReference; fileEncoding = 4; lastKnownFileType = sourcecode.swift; path = "Games+CoreDataProperties.swift"; sourceTree = "<group>"; };
		DC5F43AE1E990F510044AED0 /* Anagrams+CoreDataClass.swift */ = {isa = PBXFileReference; fileEncoding = 4; lastKnownFileType = sourcecode.swift; path = "Anagrams+CoreDataClass.swift"; sourceTree = "<group>"; };
		DC5F43AF1E990F510044AED0 /* Anagrams+CoreDataProperties.swift */ = {isa = PBXFileReference; fileEncoding = 4; lastKnownFileType = sourcecode.swift; path = "Anagrams+CoreDataProperties.swift"; sourceTree = "<group>"; };
		DC5F43B01E990F510044AED0 /* Levels+CoreDataClass.swift */ = {isa = PBXFileReference; fileEncoding = 4; lastKnownFileType = sourcecode.swift; path = "Levels+CoreDataClass.swift"; sourceTree = "<group>"; };
		DC5F43B11E990F510044AED0 /* Levels+CoreDataProperties.swift */ = {isa = PBXFileReference; fileEncoding = 4; lastKnownFileType = sourcecode.swift; path = "Levels+CoreDataProperties.swift"; sourceTree = "<group>"; };
		DC68529C1E91909700A610FE /* Helper.swift */ = {isa = PBXFileReference; fileEncoding = 4; lastKnownFileType = sourcecode.swift; path = Helper.swift; sourceTree = "<group>"; };
		DC68529E1E91938B00A610FE /* UIView+.swift */ = {isa = PBXFileReference; fileEncoding = 4; lastKnownFileType = sourcecode.swift; path = "UIView+.swift"; sourceTree = "<group>"; };
		DC6852A01E91977600A610FE /* UIImage+.swift */ = {isa = PBXFileReference; fileEncoding = 4; lastKnownFileType = sourcecode.swift; path = "UIImage+.swift"; sourceTree = "<group>"; };
		DC7A9A741E9A8A4500448A21 /* Funagrams.sqlite-shm */ = {isa = PBXFileReference; lastKnownFileType = file; path = "Funagrams.sqlite-shm"; sourceTree = "<group>"; };
		DC7A9A751E9A8A4500448A21 /* Funagrams.sqlite-wal */ = {isa = PBXFileReference; lastKnownFileType = file; path = "Funagrams.sqlite-wal"; sourceTree = "<group>"; };
		DC7FB0B91E83606300300F3D /* Funagrams.app */ = {isa = PBXFileReference; explicitFileType = wrapper.application; includeInIndex = 0; path = Funagrams.app; sourceTree = BUILT_PRODUCTS_DIR; };
		DC7FB0BC1E83606300300F3D /* AppDelegate.swift */ = {isa = PBXFileReference; lastKnownFileType = sourcecode.swift; path = AppDelegate.swift; sourceTree = "<group>"; };
		DC7FB0BE1E83606300300F3D /* MainViewController.swift */ = {isa = PBXFileReference; lastKnownFileType = sourcecode.swift; path = MainViewController.swift; sourceTree = "<group>"; };
		DC7FB0C11E83606300300F3D /* Base */ = {isa = PBXFileReference; lastKnownFileType = file.storyboard; name = Base; path = Base.lproj/Main.storyboard; sourceTree = "<group>"; };
		DC7FB0C61E83606300300F3D /* Assets.xcassets */ = {isa = PBXFileReference; lastKnownFileType = folder.assetcatalog; path = Assets.xcassets; sourceTree = "<group>"; };
		DC7FB0C91E83606300300F3D /* Base */ = {isa = PBXFileReference; lastKnownFileType = file.storyboard; name = Base; path = Base.lproj/LaunchScreen.storyboard; sourceTree = "<group>"; };
		DC7FB0CB1E83606300300F3D /* Info.plist */ = {isa = PBXFileReference; lastKnownFileType = text.plist.xml; path = Info.plist; sourceTree = "<group>"; };
		DC7FB0D01E83606400300F3D /* FunagramsTests.xctest */ = {isa = PBXFileReference; explicitFileType = wrapper.cfbundle; includeInIndex = 0; path = FunagramsTests.xctest; sourceTree = BUILT_PRODUCTS_DIR; };
		DC7FB0D41E83606400300F3D /* FunagramsTests.swift */ = {isa = PBXFileReference; lastKnownFileType = sourcecode.swift; path = FunagramsTests.swift; sourceTree = "<group>"; };
		DC7FB0D61E83606400300F3D /* Info.plist */ = {isa = PBXFileReference; lastKnownFileType = text.plist.xml; path = Info.plist; sourceTree = "<group>"; };
		DC7FB0DB1E83606400300F3D /* FunagramsUITests.xctest */ = {isa = PBXFileReference; explicitFileType = wrapper.cfbundle; includeInIndex = 0; path = FunagramsUITests.xctest; sourceTree = BUILT_PRODUCTS_DIR; };
		DC7FB0DF1E83606400300F3D /* FunagramsUITests.swift */ = {isa = PBXFileReference; lastKnownFileType = sourcecode.swift; path = FunagramsUITests.swift; sourceTree = "<group>"; };
		DC7FB0E11E83606400300F3D /* Info.plist */ = {isa = PBXFileReference; lastKnownFileType = text.plist.xml; path = Info.plist; sourceTree = "<group>"; };
		DC7FB0F21E8361D900300F3D /* FunagramsKit.framework */ = {isa = PBXFileReference; explicitFileType = wrapper.framework; includeInIndex = 0; path = FunagramsKit.framework; sourceTree = BUILT_PRODUCTS_DIR; };
		DC7FB0F41E8361DA00300F3D /* FunagramsKit.h */ = {isa = PBXFileReference; lastKnownFileType = sourcecode.c.h; path = FunagramsKit.h; sourceTree = "<group>"; };
		DC7FB0F51E8361DA00300F3D /* Info.plist */ = {isa = PBXFileReference; lastKnownFileType = text.plist.xml; path = Info.plist; sourceTree = "<group>"; };
		DC7FB0FA1E8361DA00300F3D /* FunagramsKitTests.xctest */ = {isa = PBXFileReference; explicitFileType = wrapper.cfbundle; includeInIndex = 0; path = FunagramsKitTests.xctest; sourceTree = BUILT_PRODUCTS_DIR; };
		DC7FB1011E8361DA00300F3D /* FunagramsKitTests.swift */ = {isa = PBXFileReference; lastKnownFileType = sourcecode.swift; path = FunagramsKitTests.swift; sourceTree = "<group>"; };
		DC7FB1031E8361DA00300F3D /* Info.plist */ = {isa = PBXFileReference; lastKnownFileType = text.plist.xml; path = Info.plist; sourceTree = "<group>"; };
		DC7FB1111E8363B800300F3D /* iTunesArtwork@2x.png */ = {isa = PBXFileReference; lastKnownFileType = image.png; path = "iTunesArtwork@2x.png"; sourceTree = "<group>"; };
		DC7FB1131E83649400300F3D /* FunagramsKit.swift */ = {isa = PBXFileReference; fileEncoding = 4; lastKnownFileType = sourcecode.swift; path = FunagramsKit.swift; sourceTree = "<group>"; };
		DC7FB1151E8365BE00300F3D /* Funagrams.entitlements */ = {isa = PBXFileReference; lastKnownFileType = text.plist.entitlements; path = Funagrams.entitlements; sourceTree = "<group>"; };
		DC7FB1171E8365DA00300F3D /* GameKit.framework */ = {isa = PBXFileReference; lastKnownFileType = wrapper.framework; name = GameKit.framework; path = System/Library/Frameworks/GameKit.framework; sourceTree = SDKROOT; };
		DC7FB11B1E83695100300F3D /* FunagramModel.xcdatamodel */ = {isa = PBXFileReference; lastKnownFileType = wrapper.xcdatamodel; path = FunagramModel.xcdatamodel; sourceTree = "<group>"; };
		DC7FB11E1E83697E00300F3D /* Funagrams.sqlite */ = {isa = PBXFileReference; lastKnownFileType = file; path = Funagrams.sqlite; sourceTree = "<group>"; };
		DC7FB1201E836A6D00300F3D /* DataManager.swift */ = {isa = PBXFileReference; fileEncoding = 4; lastKnownFileType = sourcecode.swift; path = DataManager.swift; sourceTree = "<group>"; };
		DC7FB1231E836BCF00300F3D /* String+.swift */ = {isa = PBXFileReference; fileEncoding = 4; lastKnownFileType = sourcecode.swift; path = "String+.swift"; sourceTree = "<group>"; };
		DC7FB1251E836C2200300F3D /* Languages.swift */ = {isa = PBXFileReference; fileEncoding = 4; lastKnownFileType = sourcecode.swift; path = Languages.swift; sourceTree = "<group>"; };
		DC7FB1271E836CAC00300F3D /* GameCenter.swift */ = {isa = PBXFileReference; fileEncoding = 4; lastKnownFileType = sourcecode.swift; path = GameCenter.swift; sourceTree = "<group>"; };
		DC7FB1291E836E1B00300F3D /* InAppPurchase.swift */ = {isa = PBXFileReference; fileEncoding = 4; lastKnownFileType = sourcecode.swift; path = InAppPurchase.swift; sourceTree = "<group>"; };
		DC7FB12B1E836E9000300F3D /* Settings.swift */ = {isa = PBXFileReference; fileEncoding = 4; lastKnownFileType = sourcecode.swift; path = Settings.swift; sourceTree = "<group>"; };
		DC836E9B1E9083420066F003 /* GradientView.swift */ = {isa = PBXFileReference; fileEncoding = 4; lastKnownFileType = sourcecode.swift; path = GradientView.swift; sourceTree = "<group>"; };
		DC853E9B1E99647B00FAC0E6 /* UICollectionView+.swift */ = {isa = PBXFileReference; fileEncoding = 4; lastKnownFileType = sourcecode.swift; path = "UICollectionView+.swift"; sourceTree = "<group>"; };
		DCBC33EF1EA5BC08007657B6 /* Settings.bundle */ = {isa = PBXFileReference; lastKnownFileType = "wrapper.plug-in"; path = Settings.bundle; sourceTree = "<group>"; };
		DCBC33F11EA6EF13007657B6 /* Bundle+.swift */ = {isa = PBXFileReference; fileEncoding = 4; lastKnownFileType = sourcecode.swift; path = "Bundle+.swift"; sourceTree = "<group>"; };
		DCE44D2D1E93B7FD00BE0EF2 /* GameViewController.swift */ = {isa = PBXFileReference; fileEncoding = 4; lastKnownFileType = sourcecode.swift; path = GameViewController.swift; sourceTree = "<group>"; };
		DCE44D2F1E944B2700BE0EF2 /* AlphabetCollectionViewCell.swift */ = {isa = PBXFileReference; fileEncoding = 4; lastKnownFileType = sourcecode.swift; path = AlphabetCollectionViewCell.swift; sourceTree = "<group>"; };
		DCE44D321E946AC100BE0EF2 /* Settings.swift */ = {isa = PBXFileReference; fileEncoding = 4; lastKnownFileType = sourcecode.swift; path = Settings.swift; sourceTree = "<group>"; };
		DCE44D341E94734500BE0EF2 /* BgMusic.mp3 */ = {isa = PBXFileReference; lastKnownFileType = audio.mp3; path = BgMusic.mp3; sourceTree = "<group>"; };
		DCE44D361E94744B00BE0EF2 /* AVFoundation.framework */ = {isa = PBXFileReference; lastKnownFileType = wrapper.framework; name = AVFoundation.framework; path = System/Library/Frameworks/AVFoundation.framework; sourceTree = SDKROOT; };
/* End PBXFileReference section */

/* Begin PBXFrameworksBuildPhase section */
		DC7FB0B61E83606300300F3D /* Frameworks */ = {
			isa = PBXFrameworksBuildPhase;
			buildActionMask = 2147483647;
			files = (
				DCE44D371E94744B00BE0EF2 /* AVFoundation.framework in Frameworks */,
				DC7FB1071E8361DA00300F3D /* FunagramsKit.framework in Frameworks */,
				DC7FB1181E8365DA00300F3D /* GameKit.framework in Frameworks */,
			);
			runOnlyForDeploymentPostprocessing = 0;
		};
		DC7FB0CD1E83606400300F3D /* Frameworks */ = {
			isa = PBXFrameworksBuildPhase;
			buildActionMask = 2147483647;
			files = (
			);
			runOnlyForDeploymentPostprocessing = 0;
		};
		DC7FB0D81E83606400300F3D /* Frameworks */ = {
			isa = PBXFrameworksBuildPhase;
			buildActionMask = 2147483647;
			files = (
			);
			runOnlyForDeploymentPostprocessing = 0;
		};
		DC7FB0EE1E8361D900300F3D /* Frameworks */ = {
			isa = PBXFrameworksBuildPhase;
			buildActionMask = 2147483647;
			files = (
			);
			runOnlyForDeploymentPostprocessing = 0;
		};
		DC7FB0F71E8361DA00300F3D /* Frameworks */ = {
			isa = PBXFrameworksBuildPhase;
			buildActionMask = 2147483647;
			files = (
				DC7FB0FB1E8361DA00300F3D /* FunagramsKit.framework in Frameworks */,
			);
			runOnlyForDeploymentPostprocessing = 0;
		};
/* End PBXFrameworksBuildPhase section */

/* Begin PBXGroup section */
		DC7FB0B01E83606300300F3D = {
			isa = PBXGroup;
			children = (
				DC7FB0BB1E83606300300F3D /* Funagrams */,
				DC7FB0D31E83606400300F3D /* FunagramsTests */,
				DC7FB0DE1E83606400300F3D /* FunagramsUITests */,
				DC7FB0F31E8361DA00300F3D /* FunagramsKit */,
				DC7FB1001E8361DA00300F3D /* FunagramsKitTests */,
				DC7FB0BA1E83606300300F3D /* Products */,
				DC7FB1161E8365DA00300F3D /* Frameworks */,
			);
			sourceTree = "<group>";
		};
		DC7FB0BA1E83606300300F3D /* Products */ = {
			isa = PBXGroup;
			children = (
				DC7FB0B91E83606300300F3D /* Funagrams.app */,
				DC7FB0D01E83606400300F3D /* FunagramsTests.xctest */,
				DC7FB0DB1E83606400300F3D /* FunagramsUITests.xctest */,
				DC7FB0F21E8361D900300F3D /* FunagramsKit.framework */,
				DC7FB0FA1E8361DA00300F3D /* FunagramsKitTests.xctest */,
			);
			name = Products;
			sourceTree = "<group>";
		};
		DC7FB0BB1E83606300300F3D /* Funagrams */ = {
			isa = PBXGroup;
			children = (
				DCE44D311E946A8C00BE0EF2 /* Helper */,
				DC7FB1151E8365BE00300F3D /* Funagrams.entitlements */,
				DC7FB0BC1E83606300300F3D /* AppDelegate.swift */,
				DC7FB0BE1E83606300300F3D /* MainViewController.swift */,
				DCE44D2D1E93B7FD00BE0EF2 /* GameViewController.swift */,
				DCE44D2F1E944B2700BE0EF2 /* AlphabetCollectionViewCell.swift */,
				DC7FB0C01E83606300300F3D /* Main.storyboard */,
				DC7FB0C61E83606300300F3D /* Assets.xcassets */,
				DC7FB0C81E83606300300F3D /* LaunchScreen.storyboard */,
				DC7FB0CB1E83606300300F3D /* Info.plist */,
				DC7FB1101E83638200300F3D /* Supporting Files */,
				DCBC33EF1EA5BC08007657B6 /* Settings.bundle */,
			);
			path = Funagrams;
			sourceTree = "<group>";
		};
		DC7FB0D31E83606400300F3D /* FunagramsTests */ = {
			isa = PBXGroup;
			children = (
				DC7FB0D41E83606400300F3D /* FunagramsTests.swift */,
				DC7FB0D61E83606400300F3D /* Info.plist */,
			);
			path = FunagramsTests;
			sourceTree = "<group>";
		};
		DC7FB0DE1E83606400300F3D /* FunagramsUITests */ = {
			isa = PBXGroup;
			children = (
				DC7FB0DF1E83606400300F3D /* FunagramsUITests.swift */,
				DC7FB0E11E83606400300F3D /* Info.plist */,
			);
			path = FunagramsUITests;
			sourceTree = "<group>";
		};
		DC7FB0F31E8361DA00300F3D /* FunagramsKit */ = {
			isa = PBXGroup;
			children = (
				DC7FB1221E836BBB00300F3D /* Global */,
				DC7FB1191E83691200300F3D /* Data */,
				DC7FB1201E836A6D00300F3D /* DataManager.swift */,
				DC7FB1131E83649400300F3D /* FunagramsKit.swift */,
				DC7FB1271E836CAC00300F3D /* GameCenter.swift */,
				DC7FB1291E836E1B00300F3D /* InAppPurchase.swift */,
				DC7FB12B1E836E9000300F3D /* Settings.swift */,
				DC7FB0F41E8361DA00300F3D /* FunagramsKit.h */,
				DC7FB0F51E8361DA00300F3D /* Info.plist */,
				DC7FB11D1E83696D00300F3D /* Supporting Files */,
			);
			path = FunagramsKit;
			sourceTree = "<group>";
		};
		DC7FB1001E8361DA00300F3D /* FunagramsKitTests */ = {
			isa = PBXGroup;
			children = (
				DC7FB1011E8361DA00300F3D /* FunagramsKitTests.swift */,
				DC7FB1031E8361DA00300F3D /* Info.plist */,
			);
			path = FunagramsKitTests;
			sourceTree = "<group>";
		};
		DC7FB1101E83638200300F3D /* Supporting Files */ = {
			isa = PBXGroup;
			children = (
				DCE44D341E94734500BE0EF2 /* BgMusic.mp3 */,
				DC7FB1111E8363B800300F3D /* iTunesArtwork@2x.png */,
			);
			name = "Supporting Files";
			sourceTree = "<group>";
		};
		DC7FB1161E8365DA00300F3D /* Frameworks */ = {
			isa = PBXGroup;
			children = (
				DCE44D361E94744B00BE0EF2 /* AVFoundation.framework */,
				DC7FB1171E8365DA00300F3D /* GameKit.framework */,
			);
			name = Frameworks;
			sourceTree = "<group>";
		};
		DC7FB1191E83691200300F3D /* Data */ = {
			isa = PBXGroup;
			children = (
				DC5F43A61E990F510044AED0 /* Modes+CoreDataClass.swift */,
				DC5F43A71E990F510044AED0 /* Modes+CoreDataProperties.swift */,
				DC5F43A81E990F510044AED0 /* Categories+CoreDataClass.swift */,
				DC5F43A91E990F510044AED0 /* Categories+CoreDataProperties.swift */,
				DC5F43AA1E990F510044AED0 /* Scores+CoreDataClass.swift */,
				DC5F43AB1E990F510044AED0 /* Scores+CoreDataProperties.swift */,
				DC5F43AC1E990F510044AED0 /* Games+CoreDataClass.swift */,
				DC5F43AD1E990F510044AED0 /* Games+CoreDataProperties.swift */,
				DC5F43AE1E990F510044AED0 /* Anagrams+CoreDataClass.swift */,
				DC5F43AF1E990F510044AED0 /* Anagrams+CoreDataProperties.swift */,
				DC5F43B01E990F510044AED0 /* Levels+CoreDataClass.swift */,
				DC5F43B11E990F510044AED0 /* Levels+CoreDataProperties.swift */,
				DC7FB11A1E83695100300F3D /* FunagramModel.xcdatamodeld */,
			);
			name = Data;
			sourceTree = "<group>";
		};
		DC7FB11D1E83696D00300F3D /* Supporting Files */ = {
			isa = PBXGroup;
			children = (
				DC7A9A741E9A8A4500448A21 /* Funagrams.sqlite-shm */,
				DC7A9A751E9A8A4500448A21 /* Funagrams.sqlite-wal */,
				DC7FB11E1E83697E00300F3D /* Funagrams.sqlite */,
			);
			name = "Supporting Files";
			sourceTree = "<group>";
		};
		DC7FB1221E836BBB00300F3D /* Global */ = {
			isa = PBXGroup;
			children = (
				DC7FB1231E836BCF00300F3D /* String+.swift */,
				DC7FB1251E836C2200300F3D /* Languages.swift */,
				DC836E9B1E9083420066F003 /* GradientView.swift */,
				DC68529C1E91909700A610FE /* Helper.swift */,
				DC68529E1E91938B00A610FE /* UIView+.swift */,
				DC6852A01E91977600A610FE /* UIImage+.swift */,
				DC853E9B1E99647B00FAC0E6 /* UICollectionView+.swift */,
				DC382E4E1E9B318A0058102C /* RoundChartView.swift */,
				DCBC33F11EA6EF13007657B6 /* Bundle+.swift */,
			);
			name = Global;
			sourceTree = "<group>";
		};
		DCE44D311E946A8C00BE0EF2 /* Helper */ = {
			isa = PBXGroup;
			children = (
				DCE44D321E946AC100BE0EF2 /* Settings.swift */,
			);
			name = Helper;
			sourceTree = "<group>";
		};
/* End PBXGroup section */

/* Begin PBXHeadersBuildPhase section */
		DC7FB0EF1E8361D900300F3D /* Headers */ = {
			isa = PBXHeadersBuildPhase;
			buildActionMask = 2147483647;
			files = (
				DC7FB1041E8361DA00300F3D /* FunagramsKit.h in Headers */,
			);
			runOnlyForDeploymentPostprocessing = 0;
		};
/* End PBXHeadersBuildPhase section */

/* Begin PBXNativeTarget section */
		DC7FB0B81E83606300300F3D /* Funagrams */ = {
			isa = PBXNativeTarget;
			buildConfigurationList = DC7FB0E41E83606400300F3D /* Build configuration list for PBXNativeTarget "Funagrams" */;
			buildPhases = (
				DC7FB0B51E83606300300F3D /* Sources */,
				DC7FB0B61E83606300300F3D /* Frameworks */,
				DC7FB0B71E83606300300F3D /* Resources */,
				DC7FB10C1E8361DB00300F3D /* Embed Frameworks */,
				DCBC33F31EA6F1BF007657B6 /* Run Script */,
			);
			buildRules = (
			);
			dependencies = (
				DC7FB1061E8361DA00300F3D /* PBXTargetDependency */,
			);
			name = Funagrams;
			productName = Funagrams;
			productReference = DC7FB0B91E83606300300F3D /* Funagrams.app */;
			productType = "com.apple.product-type.application";
		};
		DC7FB0CF1E83606400300F3D /* FunagramsTests */ = {
			isa = PBXNativeTarget;
			buildConfigurationList = DC7FB0E71E83606400300F3D /* Build configuration list for PBXNativeTarget "FunagramsTests" */;
			buildPhases = (
				DC7FB0CC1E83606400300F3D /* Sources */,
				DC7FB0CD1E83606400300F3D /* Frameworks */,
				DC7FB0CE1E83606400300F3D /* Resources */,
			);
			buildRules = (
			);
			dependencies = (
				DC7FB0D21E83606400300F3D /* PBXTargetDependency */,
			);
			name = FunagramsTests;
			productName = FunagramsTests;
			productReference = DC7FB0D01E83606400300F3D /* FunagramsTests.xctest */;
			productType = "com.apple.product-type.bundle.unit-test";
		};
		DC7FB0DA1E83606400300F3D /* FunagramsUITests */ = {
			isa = PBXNativeTarget;
			buildConfigurationList = DC7FB0EA1E83606400300F3D /* Build configuration list for PBXNativeTarget "FunagramsUITests" */;
			buildPhases = (
				DC7FB0D71E83606400300F3D /* Sources */,
				DC7FB0D81E83606400300F3D /* Frameworks */,
				DC7FB0D91E83606400300F3D /* Resources */,
			);
			buildRules = (
			);
			dependencies = (
				DC7FB0DD1E83606400300F3D /* PBXTargetDependency */,
			);
			name = FunagramsUITests;
			productName = FunagramsUITests;
			productReference = DC7FB0DB1E83606400300F3D /* FunagramsUITests.xctest */;
			productType = "com.apple.product-type.bundle.ui-testing";
		};
		DC7FB0F11E8361D900300F3D /* FunagramsKit */ = {
			isa = PBXNativeTarget;
			buildConfigurationList = DC7FB1091E8361DB00300F3D /* Build configuration list for PBXNativeTarget "FunagramsKit" */;
			buildPhases = (
				DC7FB0ED1E8361D900300F3D /* Sources */,
				DC7FB0EE1E8361D900300F3D /* Frameworks */,
				DC7FB0EF1E8361D900300F3D /* Headers */,
				DC7FB0F01E8361D900300F3D /* Resources */,
			);
			buildRules = (
			);
			dependencies = (
			);
			name = FunagramsKit;
			productName = FunagramsKit;
			productReference = DC7FB0F21E8361D900300F3D /* FunagramsKit.framework */;
			productType = "com.apple.product-type.framework";
		};
		DC7FB0F91E8361DA00300F3D /* FunagramsKitTests */ = {
			isa = PBXNativeTarget;
			buildConfigurationList = DC7FB10D1E8361DB00300F3D /* Build configuration list for PBXNativeTarget "FunagramsKitTests" */;
			buildPhases = (
				DC7FB0F61E8361DA00300F3D /* Sources */,
				DC7FB0F71E8361DA00300F3D /* Frameworks */,
				DC7FB0F81E8361DA00300F3D /* Resources */,
			);
			buildRules = (
			);
			dependencies = (
				DC7FB0FD1E8361DA00300F3D /* PBXTargetDependency */,
				DC7FB0FF1E8361DA00300F3D /* PBXTargetDependency */,
			);
			name = FunagramsKitTests;
			productName = FunagramsKitTests;
			productReference = DC7FB0FA1E8361DA00300F3D /* FunagramsKitTests.xctest */;
			productType = "com.apple.product-type.bundle.unit-test";
		};
/* End PBXNativeTarget section */

/* Begin PBXProject section */
		DC7FB0B11E83606300300F3D /* Project object */ = {
			isa = PBXProject;
			attributes = {
				LastSwiftUpdateCheck = 0820;
				LastUpgradeCheck = 0820;
				ORGANIZATIONNAME = pluggablez;
				TargetAttributes = {
					DC7FB0B81E83606300300F3D = {
						CreatedOnToolsVersion = 8.2.1;
						DevelopmentTeam = FE4KUE66JE;
						ProvisioningStyle = Automatic;
						SystemCapabilities = {
							com.apple.ApplicationGroups.iOS = {
								enabled = 1;
							};
							com.apple.GameCenter = {
								enabled = 1;
							};
						};
					};
					DC7FB0CF1E83606400300F3D = {
						CreatedOnToolsVersion = 8.2.1;
						DevelopmentTeam = FE4KUE66JE;
						ProvisioningStyle = Automatic;
						TestTargetID = DC7FB0B81E83606300300F3D;
					};
					DC7FB0DA1E83606400300F3D = {
						CreatedOnToolsVersion = 8.2.1;
						DevelopmentTeam = FE4KUE66JE;
						ProvisioningStyle = Automatic;
						TestTargetID = DC7FB0B81E83606300300F3D;
					};
					DC7FB0F11E8361D900300F3D = {
						CreatedOnToolsVersion = 8.2.1;
						DevelopmentTeam = FE4KUE66JE;
						LastSwiftMigration = 0830;
						ProvisioningStyle = Automatic;
					};
					DC7FB0F91E8361DA00300F3D = {
						CreatedOnToolsVersion = 8.2.1;
						DevelopmentTeam = FE4KUE66JE;
						ProvisioningStyle = Automatic;
						TestTargetID = DC7FB0B81E83606300300F3D;
					};
				};
			};
			buildConfigurationList = DC7FB0B41E83606300300F3D /* Build configuration list for PBXProject "Funagrams" */;
			compatibilityVersion = "Xcode 3.2";
			developmentRegion = English;
			hasScannedForEncodings = 0;
			knownRegions = (
				en,
				Base,
			);
			mainGroup = DC7FB0B01E83606300300F3D;
			productRefGroup = DC7FB0BA1E83606300300F3D /* Products */;
			projectDirPath = "";
			projectRoot = "";
			targets = (
				DC7FB0B81E83606300300F3D /* Funagrams */,
				DC7FB0CF1E83606400300F3D /* FunagramsTests */,
				DC7FB0DA1E83606400300F3D /* FunagramsUITests */,
				DC7FB0F11E8361D900300F3D /* FunagramsKit */,
				DC7FB0F91E8361DA00300F3D /* FunagramsKitTests */,
			);
		};
/* End PBXProject section */

/* Begin PBXResourcesBuildPhase section */
		DC7FB0B71E83606300300F3D /* Resources */ = {
			isa = PBXResourcesBuildPhase;
			buildActionMask = 2147483647;
			files = (
				DC7FB0CA1E83606300300F3D /* LaunchScreen.storyboard in Resources */,
				DC7FB0C71E83606300300F3D /* Assets.xcassets in Resources */,
				DC7FB0C21E83606300300F3D /* Main.storyboard in Resources */,
				DCE44D351E94734600BE0EF2 /* BgMusic.mp3 in Resources */,
				DCBC33F01EA5BC08007657B6 /* Settings.bundle in Resources */,
				DC7FB1121E8363B800300F3D /* iTunesArtwork@2x.png in Resources */,
			);
			runOnlyForDeploymentPostprocessing = 0;
		};
		DC7FB0CE1E83606400300F3D /* Resources */ = {
			isa = PBXResourcesBuildPhase;
			buildActionMask = 2147483647;
			files = (
			);
			runOnlyForDeploymentPostprocessing = 0;
		};
		DC7FB0D91E83606400300F3D /* Resources */ = {
			isa = PBXResourcesBuildPhase;
			buildActionMask = 2147483647;
			files = (
			);
			runOnlyForDeploymentPostprocessing = 0;
		};
		DC7FB0F01E8361D900300F3D /* Resources */ = {
			isa = PBXResourcesBuildPhase;
			buildActionMask = 2147483647;
			files = (
				DC7FB11F1E83697E00300F3D /* Funagrams.sqlite in Resources */,
				DC7A9A761E9A8A4500448A21 /* Funagrams.sqlite-shm in Resources */,
				DC7A9A771E9A8A4500448A21 /* Funagrams.sqlite-wal in Resources */,
			);
			runOnlyForDeploymentPostprocessing = 0;
		};
		DC7FB0F81E8361DA00300F3D /* Resources */ = {
			isa = PBXResourcesBuildPhase;
			buildActionMask = 2147483647;
			files = (
			);
			runOnlyForDeploymentPostprocessing = 0;
		};
/* End PBXResourcesBuildPhase section */

/* Begin PBXShellScriptBuildPhase section */
		DCBC33F31EA6F1BF007657B6 /* Run Script */ = {
			isa = PBXShellScriptBuildPhase;
			buildActionMask = 2147483647;
			files = (
			);
			inputPaths = (
			);
			name = "Run Script";
			outputPaths = (
			);
			runOnlyForDeploymentPostprocessing = 0;
			shellPath = /bin/sh;
			shellScript = "#!/bin/bash\nversionNumber=$(/usr/libexec/PlistBuddy -c \"Print CFBundleShortVersionString\" \"$INFOPLIST_FILE\")\nbuildNumber=$(/usr/libexec/PlistBuddy -c \"Print CFBundleVersion\" \"$INFOPLIST_FILE\")\n/usr/libexec/PlistBuddy -c \"Set PreferenceSpecifiers:0:Title \\\"Game     v$versionNumber ($buildNumber)\\\"\" $SRCROOT/$PRODUCT_NAME/Settings.bundle/Root.plist";
		};
/* End PBXShellScriptBuildPhase section */

/* Begin PBXSourcesBuildPhase section */
		DC7FB0B51E83606300300F3D /* Sources */ = {
			isa = PBXSourcesBuildPhase;
			buildActionMask = 2147483647;
			files = (
				DCE44D331E946AC100BE0EF2 /* Settings.swift in Sources */,
				DC7FB0BF1E83606300300F3D /* MainViewController.swift in Sources */,
				DCE44D2E1E93B7FD00BE0EF2 /* GameViewController.swift in Sources */,
				DCE44D301E944B2700BE0EF2 /* AlphabetCollectionViewCell.swift in Sources */,
				DC7FB0BD1E83606300300F3D /* AppDelegate.swift in Sources */,
			);
			runOnlyForDeploymentPostprocessing = 0;
		};
		DC7FB0CC1E83606400300F3D /* Sources */ = {
			isa = PBXSourcesBuildPhase;
			buildActionMask = 2147483647;
			files = (
				DC7FB0D51E83606400300F3D /* FunagramsTests.swift in Sources */,
			);
			runOnlyForDeploymentPostprocessing = 0;
		};
		DC7FB0D71E83606400300F3D /* Sources */ = {
			isa = PBXSourcesBuildPhase;
			buildActionMask = 2147483647;
			files = (
				DC7FB0E01E83606400300F3D /* FunagramsUITests.swift in Sources */,
			);
			runOnlyForDeploymentPostprocessing = 0;
		};
		DC7FB0ED1E8361D900300F3D /* Sources */ = {
			isa = PBXSourcesBuildPhase;
			buildActionMask = 2147483647;
			files = (
				DC68529D1E91909700A610FE /* Helper.swift in Sources */,
				DC5F43B91E990F510044AED0 /* Games+CoreDataProperties.swift in Sources */,
				DC7FB1241E836BCF00300F3D /* String+.swift in Sources */,
				DC5F43B41E990F510044AED0 /* Categories+CoreDataClass.swift in Sources */,
				DC5F43B61E990F510044AED0 /* Scores+CoreDataClass.swift in Sources */,
				DC5F43B81E990F510044AED0 /* Games+CoreDataClass.swift in Sources */,
				DC5F43B31E990F510044AED0 /* Modes+CoreDataProperties.swift in Sources */,
				DC7FB1281E836CAC00300F3D /* GameCenter.swift in Sources */,
				DC7FB12C1E836E9000300F3D /* Settings.swift in Sources */,
				DC853E9C1E99647C00FAC0E6 /* UICollectionView+.swift in Sources */,
				DC5F43B51E990F510044AED0 /* Categories+CoreDataProperties.swift in Sources */,
				DC5F43BA1E990F510044AED0 /* Anagrams+CoreDataClass.swift in Sources */,
				DC5F43BC1E990F510044AED0 /* Levels+CoreDataClass.swift in Sources */,
				DC7FB12A1E836E1B00300F3D /* InAppPurchase.swift in Sources */,
				DC5F43BB1E990F510044AED0 /* Anagrams+CoreDataProperties.swift in Sources */,
				DC5F43BD1E990F510044AED0 /* Levels+CoreDataProperties.swift in Sources */,
				DC382E4F1E9B318A0058102C /* RoundChartView.swift in Sources */,
				DC68529F1E91938B00A610FE /* UIView+.swift in Sources */,
				DC5F43B71E990F510044AED0 /* Scores+CoreDataProperties.swift in Sources */,
				DC7FB11C1E83695100300F3D /* FunagramModel.xcdatamodeld in Sources */,
				DC7FB1211E836A6D00300F3D /* DataManager.swift in Sources */,
				DC836E9C1E9083420066F003 /* GradientView.swift in Sources */,
				DC5F43B21E990F510044AED0 /* Modes+CoreDataClass.swift in Sources */,
				DC7FB1141E83649400300F3D /* FunagramsKit.swift in Sources */,
				DCBC33F21EA6EF13007657B6 /* Bundle+.swift in Sources */,
				DC6852A11E91977600A610FE /* UIImage+.swift in Sources */,
				DC7FB1261E836C2200300F3D /* Languages.swift in Sources */,
			);
			runOnlyForDeploymentPostprocessing = 0;
		};
		DC7FB0F61E8361DA00300F3D /* Sources */ = {
			isa = PBXSourcesBuildPhase;
			buildActionMask = 2147483647;
			files = (
				DC7FB1021E8361DA00300F3D /* FunagramsKitTests.swift in Sources */,
			);
			runOnlyForDeploymentPostprocessing = 0;
		};
/* End PBXSourcesBuildPhase section */

/* Begin PBXTargetDependency section */
		DC7FB0D21E83606400300F3D /* PBXTargetDependency */ = {
			isa = PBXTargetDependency;
			target = DC7FB0B81E83606300300F3D /* Funagrams */;
			targetProxy = DC7FB0D11E83606400300F3D /* PBXContainerItemProxy */;
		};
		DC7FB0DD1E83606400300F3D /* PBXTargetDependency */ = {
			isa = PBXTargetDependency;
			target = DC7FB0B81E83606300300F3D /* Funagrams */;
			targetProxy = DC7FB0DC1E83606400300F3D /* PBXContainerItemProxy */;
		};
		DC7FB0FD1E8361DA00300F3D /* PBXTargetDependency */ = {
			isa = PBXTargetDependency;
			target = DC7FB0F11E8361D900300F3D /* FunagramsKit */;
			targetProxy = DC7FB0FC1E8361DA00300F3D /* PBXContainerItemProxy */;
		};
		DC7FB0FF1E8361DA00300F3D /* PBXTargetDependency */ = {
			isa = PBXTargetDependency;
			target = DC7FB0B81E83606300300F3D /* Funagrams */;
			targetProxy = DC7FB0FE1E8361DA00300F3D /* PBXContainerItemProxy */;
		};
		DC7FB1061E8361DA00300F3D /* PBXTargetDependency */ = {
			isa = PBXTargetDependency;
			target = DC7FB0F11E8361D900300F3D /* FunagramsKit */;
			targetProxy = DC7FB1051E8361DA00300F3D /* PBXContainerItemProxy */;
		};
/* End PBXTargetDependency section */

/* Begin PBXVariantGroup section */
		DC7FB0C01E83606300300F3D /* Main.storyboard */ = {
			isa = PBXVariantGroup;
			children = (
				DC7FB0C11E83606300300F3D /* Base */,
			);
			name = Main.storyboard;
			sourceTree = "<group>";
		};
		DC7FB0C81E83606300300F3D /* LaunchScreen.storyboard */ = {
			isa = PBXVariantGroup;
			children = (
				DC7FB0C91E83606300300F3D /* Base */,
			);
			name = LaunchScreen.storyboard;
			sourceTree = "<group>";
		};
/* End PBXVariantGroup section */

/* Begin XCBuildConfiguration section */
		DC7FB0E21E83606400300F3D /* Debug */ = {
			isa = XCBuildConfiguration;
			buildSettings = {
				ALWAYS_SEARCH_USER_PATHS = NO;
				CLANG_ANALYZER_NONNULL = YES;
				CLANG_CXX_LANGUAGE_STANDARD = "gnu++0x";
				CLANG_CXX_LIBRARY = "libc++";
				CLANG_ENABLE_MODULES = YES;
				CLANG_ENABLE_OBJC_ARC = YES;
				CLANG_WARN_BOOL_CONVERSION = YES;
				CLANG_WARN_CONSTANT_CONVERSION = YES;
				CLANG_WARN_DIRECT_OBJC_ISA_USAGE = YES_ERROR;
				CLANG_WARN_DOCUMENTATION_COMMENTS = YES;
				CLANG_WARN_EMPTY_BODY = YES;
				CLANG_WARN_ENUM_CONVERSION = YES;
				CLANG_WARN_INFINITE_RECURSION = YES;
				CLANG_WARN_INT_CONVERSION = YES;
				CLANG_WARN_OBJC_ROOT_CLASS = YES_ERROR;
				CLANG_WARN_SUSPICIOUS_MOVE = YES;
				CLANG_WARN_UNREACHABLE_CODE = YES;
				CLANG_WARN__DUPLICATE_METHOD_MATCH = YES;
				"CODE_SIGN_IDENTITY[sdk=iphoneos*]" = "iPhone Developer";
				COPY_PHASE_STRIP = NO;
				DEBUG_INFORMATION_FORMAT = dwarf;
				ENABLE_STRICT_OBJC_MSGSEND = YES;
				ENABLE_TESTABILITY = YES;
				GCC_C_LANGUAGE_STANDARD = gnu99;
				GCC_DYNAMIC_NO_PIC = NO;
				GCC_NO_COMMON_BLOCKS = YES;
				GCC_OPTIMIZATION_LEVEL = 0;
				GCC_PREPROCESSOR_DEFINITIONS = (
					"DEBUG=1",
					"$(inherited)",
				);
				GCC_WARN_64_TO_32_BIT_CONVERSION = YES;
				GCC_WARN_ABOUT_RETURN_TYPE = YES_ERROR;
				GCC_WARN_UNDECLARED_SELECTOR = YES;
				GCC_WARN_UNINITIALIZED_AUTOS = YES_AGGRESSIVE;
				GCC_WARN_UNUSED_FUNCTION = YES;
				GCC_WARN_UNUSED_VARIABLE = YES;
				IPHONEOS_DEPLOYMENT_TARGET = 10.2;
				MTL_ENABLE_DEBUG_INFO = YES;
				ONLY_ACTIVE_ARCH = YES;
				SDKROOT = iphoneos;
				SWIFT_ACTIVE_COMPILATION_CONDITIONS = DEBUG;
				SWIFT_OPTIMIZATION_LEVEL = "-Onone";
				TARGETED_DEVICE_FAMILY = "1,2";
			};
			name = Debug;
		};
		DC7FB0E31E83606400300F3D /* Release */ = {
			isa = XCBuildConfiguration;
			buildSettings = {
				ALWAYS_SEARCH_USER_PATHS = NO;
				CLANG_ANALYZER_NONNULL = YES;
				CLANG_CXX_LANGUAGE_STANDARD = "gnu++0x";
				CLANG_CXX_LIBRARY = "libc++";
				CLANG_ENABLE_MODULES = YES;
				CLANG_ENABLE_OBJC_ARC = YES;
				CLANG_WARN_BOOL_CONVERSION = YES;
				CLANG_WARN_CONSTANT_CONVERSION = YES;
				CLANG_WARN_DIRECT_OBJC_ISA_USAGE = YES_ERROR;
				CLANG_WARN_DOCUMENTATION_COMMENTS = YES;
				CLANG_WARN_EMPTY_BODY = YES;
				CLANG_WARN_ENUM_CONVERSION = YES;
				CLANG_WARN_INFINITE_RECURSION = YES;
				CLANG_WARN_INT_CONVERSION = YES;
				CLANG_WARN_OBJC_ROOT_CLASS = YES_ERROR;
				CLANG_WARN_SUSPICIOUS_MOVE = YES;
				CLANG_WARN_UNREACHABLE_CODE = YES;
				CLANG_WARN__DUPLICATE_METHOD_MATCH = YES;
				"CODE_SIGN_IDENTITY[sdk=iphoneos*]" = "iPhone Developer";
				COPY_PHASE_STRIP = NO;
				DEBUG_INFORMATION_FORMAT = "dwarf-with-dsym";
				ENABLE_NS_ASSERTIONS = NO;
				ENABLE_STRICT_OBJC_MSGSEND = YES;
				GCC_C_LANGUAGE_STANDARD = gnu99;
				GCC_NO_COMMON_BLOCKS = YES;
				GCC_WARN_64_TO_32_BIT_CONVERSION = YES;
				GCC_WARN_ABOUT_RETURN_TYPE = YES_ERROR;
				GCC_WARN_UNDECLARED_SELECTOR = YES;
				GCC_WARN_UNINITIALIZED_AUTOS = YES_AGGRESSIVE;
				GCC_WARN_UNUSED_FUNCTION = YES;
				GCC_WARN_UNUSED_VARIABLE = YES;
				IPHONEOS_DEPLOYMENT_TARGET = 10.2;
				MTL_ENABLE_DEBUG_INFO = NO;
				SDKROOT = iphoneos;
				SWIFT_OPTIMIZATION_LEVEL = "-Owholemodule";
				TARGETED_DEVICE_FAMILY = "1,2";
				VALIDATE_PRODUCT = YES;
			};
			name = Release;
		};
		DC7FB0E51E83606400300F3D /* Debug */ = {
			isa = XCBuildConfiguration;
			buildSettings = {
				ALWAYS_EMBED_SWIFT_STANDARD_LIBRARIES = YES;
				ASSETCATALOG_COMPILER_APPICON_NAME = AppIcon;
				CODE_SIGN_ENTITLEMENTS = Funagrams/Funagrams.entitlements;
				DEVELOPMENT_TEAM = FE4KUE66JE;
				INFOPLIST_FILE = Funagrams/Info.plist;
				IPHONEOS_DEPLOYMENT_TARGET = 9.0;
				LD_RUNPATH_SEARCH_PATHS = "$(inherited) @executable_path/Frameworks";
				PRODUCT_BUNDLE_IDENTIFIER = com.pluggables.Funagrams;
				PRODUCT_NAME = "$(TARGET_NAME)";
				SWIFT_VERSION = 3.0;
			};
			name = Debug;
		};
		DC7FB0E61E83606400300F3D /* Release */ = {
			isa = XCBuildConfiguration;
			buildSettings = {
				ALWAYS_EMBED_SWIFT_STANDARD_LIBRARIES = YES;
				ASSETCATALOG_COMPILER_APPICON_NAME = AppIcon;
				CODE_SIGN_ENTITLEMENTS = Funagrams/Funagrams.entitlements;
				DEVELOPMENT_TEAM = FE4KUE66JE;
				INFOPLIST_FILE = Funagrams/Info.plist;
				IPHONEOS_DEPLOYMENT_TARGET = 9.0;
				LD_RUNPATH_SEARCH_PATHS = "$(inherited) @executable_path/Frameworks";
				PRODUCT_BUNDLE_IDENTIFIER = com.pluggables.Funagrams;
				PRODUCT_NAME = "$(TARGET_NAME)";
				SWIFT_VERSION = 3.0;
			};
			name = Release;
		};
		DC7FB0E81E83606400300F3D /* Debug */ = {
			isa = XCBuildConfiguration;
			buildSettings = {
				ALWAYS_EMBED_SWIFT_STANDARD_LIBRARIES = YES;
				BUNDLE_LOADER = "$(TEST_HOST)";
				DEVELOPMENT_TEAM = FE4KUE66JE;
				INFOPLIST_FILE = FunagramsTests/Info.plist;
				LD_RUNPATH_SEARCH_PATHS = "$(inherited) @executable_path/Frameworks @loader_path/Frameworks";
				PRODUCT_BUNDLE_IDENTIFIER = com.pluggables.FunagramsTests;
				PRODUCT_NAME = "$(TARGET_NAME)";
				SWIFT_VERSION = 3.0;
				TEST_HOST = "$(BUILT_PRODUCTS_DIR)/Funagrams.app/Funagrams";
			};
			name = Debug;
		};
		DC7FB0E91E83606400300F3D /* Release */ = {
			isa = XCBuildConfiguration;
			buildSettings = {
				ALWAYS_EMBED_SWIFT_STANDARD_LIBRARIES = YES;
				BUNDLE_LOADER = "$(TEST_HOST)";
				DEVELOPMENT_TEAM = FE4KUE66JE;
				INFOPLIST_FILE = FunagramsTests/Info.plist;
				LD_RUNPATH_SEARCH_PATHS = "$(inherited) @executable_path/Frameworks @loader_path/Frameworks";
				PRODUCT_BUNDLE_IDENTIFIER = com.pluggables.FunagramsTests;
				PRODUCT_NAME = "$(TARGET_NAME)";
				SWIFT_VERSION = 3.0;
				TEST_HOST = "$(BUILT_PRODUCTS_DIR)/Funagrams.app/Funagrams";
			};
			name = Release;
		};
		DC7FB0EB1E83606400300F3D /* Debug */ = {
			isa = XCBuildConfiguration;
			buildSettings = {
				ALWAYS_EMBED_SWIFT_STANDARD_LIBRARIES = YES;
				DEVELOPMENT_TEAM = FE4KUE66JE;
				INFOPLIST_FILE = FunagramsUITests/Info.plist;
				LD_RUNPATH_SEARCH_PATHS = "$(inherited) @executable_path/Frameworks @loader_path/Frameworks";
				PRODUCT_BUNDLE_IDENTIFIER = com.pluggables.FunagramsUITests;
				PRODUCT_NAME = "$(TARGET_NAME)";
				SWIFT_VERSION = 3.0;
				TEST_TARGET_NAME = Funagrams;
			};
			name = Debug;
		};
		DC7FB0EC1E83606400300F3D /* Release */ = {
			isa = XCBuildConfiguration;
			buildSettings = {
				ALWAYS_EMBED_SWIFT_STANDARD_LIBRARIES = YES;
				DEVELOPMENT_TEAM = FE4KUE66JE;
				INFOPLIST_FILE = FunagramsUITests/Info.plist;
				LD_RUNPATH_SEARCH_PATHS = "$(inherited) @executable_path/Frameworks @loader_path/Frameworks";
				PRODUCT_BUNDLE_IDENTIFIER = com.pluggables.FunagramsUITests;
				PRODUCT_NAME = "$(TARGET_NAME)";
				SWIFT_VERSION = 3.0;
				TEST_TARGET_NAME = Funagrams;
			};
			name = Release;
		};
		DC7FB10A1E8361DB00300F3D /* Debug */ = {
			isa = XCBuildConfiguration;
			buildSettings = {
				CLANG_ENABLE_MODULES = YES;
				CODE_SIGN_IDENTITY = "";
				CURRENT_PROJECT_VERSION = 1;
				DEFINES_MODULE = YES;
				DEVELOPMENT_TEAM = FE4KUE66JE;
				DYLIB_COMPATIBILITY_VERSION = 1;
				DYLIB_CURRENT_VERSION = 1;
				DYLIB_INSTALL_NAME_BASE = "@rpath";
				INFOPLIST_FILE = FunagramsKit/Info.plist;
				INSTALL_PATH = "$(LOCAL_LIBRARY_DIR)/Frameworks";
				IPHONEOS_DEPLOYMENT_TARGET = 9.0;
				LD_RUNPATH_SEARCH_PATHS = "$(inherited) @executable_path/Frameworks @loader_path/Frameworks";
				PRODUCT_BUNDLE_IDENTIFIER = com.pluggablez.FunagramsKit;
				PRODUCT_NAME = "$(TARGET_NAME)";
				SKIP_INSTALL = YES;
				SWIFT_OPTIMIZATION_LEVEL = "-Onone";
				SWIFT_VERSION = 3.0;
				VERSIONING_SYSTEM = "apple-generic";
				VERSION_INFO_PREFIX = "";
			};
			name = Debug;
		};
		DC7FB10B1E8361DB00300F3D /* Release */ = {
			isa = XCBuildConfiguration;
			buildSettings = {
				CLANG_ENABLE_MODULES = YES;
				CODE_SIGN_IDENTITY = "";
				CURRENT_PROJECT_VERSION = 1;
				DEFINES_MODULE = YES;
				DEVELOPMENT_TEAM = FE4KUE66JE;
				DYLIB_COMPATIBILITY_VERSION = 1;
				DYLIB_CURRENT_VERSION = 1;
				DYLIB_INSTALL_NAME_BASE = "@rpath";
				INFOPLIST_FILE = FunagramsKit/Info.plist;
				INSTALL_PATH = "$(LOCAL_LIBRARY_DIR)/Frameworks";
				IPHONEOS_DEPLOYMENT_TARGET = 9.0;
				LD_RUNPATH_SEARCH_PATHS = "$(inherited) @executable_path/Frameworks @loader_path/Frameworks";
				PRODUCT_BUNDLE_IDENTIFIER = com.pluggablez.FunagramsKit;
				PRODUCT_NAME = "$(TARGET_NAME)";
				SKIP_INSTALL = YES;
				SWIFT_VERSION = 3.0;
				VERSIONING_SYSTEM = "apple-generic";
				VERSION_INFO_PREFIX = "";
			};
			name = Release;
		};
		DC7FB10E1E8361DB00300F3D /* Debug */ = {
			isa = XCBuildConfiguration;
			buildSettings = {
				ALWAYS_EMBED_SWIFT_STANDARD_LIBRARIES = YES;
				DEVELOPMENT_TEAM = FE4KUE66JE;
				INFOPLIST_FILE = FunagramsKitTests/Info.plist;
				LD_RUNPATH_SEARCH_PATHS = "$(inherited) @executable_path/Frameworks @loader_path/Frameworks";
				PRODUCT_BUNDLE_IDENTIFIER = com.pluggablez.FunagramsKitTests;
				PRODUCT_NAME = "$(TARGET_NAME)";
				SWIFT_VERSION = 3.0;
				TEST_HOST = "$(BUILT_PRODUCTS_DIR)/Funagrams.app/Funagrams";
			};
			name = Debug;
		};
		DC7FB10F1E8361DB00300F3D /* Release */ = {
			isa = XCBuildConfiguration;
			buildSettings = {
				ALWAYS_EMBED_SWIFT_STANDARD_LIBRARIES = YES;
				DEVELOPMENT_TEAM = FE4KUE66JE;
				INFOPLIST_FILE = FunagramsKitTests/Info.plist;
				LD_RUNPATH_SEARCH_PATHS = "$(inherited) @executable_path/Frameworks @loader_path/Frameworks";
				PRODUCT_BUNDLE_IDENTIFIER = com.pluggablez.FunagramsKitTests;
				PRODUCT_NAME = "$(TARGET_NAME)";
				SWIFT_VERSION = 3.0;
				TEST_HOST = "$(BUILT_PRODUCTS_DIR)/Funagrams.app/Funagrams";
			};
			name = Release;
		};
/* End XCBuildConfiguration section */

/* Begin XCConfigurationList section */
		DC7FB0B41E83606300300F3D /* Build configuration list for PBXProject "Funagrams" */ = {
			isa = XCConfigurationList;
			buildConfigurations = (
				DC7FB0E21E83606400300F3D /* Debug */,
				DC7FB0E31E83606400300F3D /* Release */,
			);
			defaultConfigurationIsVisible = 0;
			defaultConfigurationName = Release;
		};
		DC7FB0E41E83606400300F3D /* Build configuration list for PBXNativeTarget "Funagrams" */ = {
			isa = XCConfigurationList;
			buildConfigurations = (
				DC7FB0E51E83606400300F3D /* Debug */,
				DC7FB0E61E83606400300F3D /* Release */,
			);
			defaultConfigurationIsVisible = 0;
			defaultConfigurationName = Release;
		};
		DC7FB0E71E83606400300F3D /* Build configuration list for PBXNativeTarget "FunagramsTests" */ = {
			isa = XCConfigurationList;
			buildConfigurations = (
				DC7FB0E81E83606400300F3D /* Debug */,
				DC7FB0E91E83606400300F3D /* Release */,
			);
			defaultConfigurationIsVisible = 0;
			defaultConfigurationName = Release;
		};
		DC7FB0EA1E83606400300F3D /* Build configuration list for PBXNativeTarget "FunagramsUITests" */ = {
			isa = XCConfigurationList;
			buildConfigurations = (
				DC7FB0EB1E83606400300F3D /* Debug */,
				DC7FB0EC1E83606400300F3D /* Release */,
			);
			defaultConfigurationIsVisible = 0;
			defaultConfigurationName = Release;
		};
		DC7FB1091E8361DB00300F3D /* Build configuration list for PBXNativeTarget "FunagramsKit" */ = {
			isa = XCConfigurationList;
			buildConfigurations = (
				DC7FB10A1E8361DB00300F3D /* Debug */,
				DC7FB10B1E8361DB00300F3D /* Release */,
			);
			defaultConfigurationIsVisible = 0;
			defaultConfigurationName = Release;
		};
		DC7FB10D1E8361DB00300F3D /* Build configuration list for PBXNativeTarget "FunagramsKitTests" */ = {
			isa = XCConfigurationList;
			buildConfigurations = (
				DC7FB10E1E8361DB00300F3D /* Debug */,
				DC7FB10F1E8361DB00300F3D /* Release */,
			);
			defaultConfigurationIsVisible = 0;
			defaultConfigurationName = Release;
		};
/* End XCConfigurationList section */

/* Begin XCVersionGroup section */
		DC7FB11A1E83695100300F3D /* FunagramModel.xcdatamodeld */ = {
			isa = XCVersionGroup;
			children = (
				DC7FB11B1E83695100300F3D /* FunagramModel.xcdatamodel */,
			);
			currentVersion = DC7FB11B1E83695100300F3D /* FunagramModel.xcdatamodel */;
			path = FunagramModel.xcdatamodeld;
			sourceTree = "<group>";
			versionGroupType = wrapper.xcdatamodel;
		};
/* End XCVersionGroup section */
	};
	rootObject = DC7FB0B11E83606300300F3D /* Project object */;
}
