// !$*UTF8*$!
{
	archiveVersion = 1;
	classes = {
	};
	objectVersion = 46;
	objects = {

/* Begin PBXFileReference section */
		1222FD9018F3B94400FF64A1 /* noAdvertisements */ = {isa = PBXFileReference; explicitFileType = folder; includeInIndex = 0; path = noAdvertisements; sourceTree = BUILT_PRODUCTS_DIR; };
		1222FD9418F3B94400FF64A1 /* ContentInfo.plist */ = {isa = PBXFileReference; lastKnownFileType = text.plist.xml; path = ContentInfo.plist; sourceTree = "<group>"; };
/* End PBXFileReference section */

/* Begin PBXGroup section */
		1222FD8918F3B94400FF64A1 = {
			isa = PBXGroup;
			children = (
				1222FD9218F3B94400FF64A1 /* noAdvertisements */,
				1222FD9118F3B94400FF64A1 /* Products */,
			);
			sourceTree = "<group>";
		};
		1222FD9118F3B94400FF64A1 /* Products */ = {
			isa = PBXGroup;
			children = (
				1222FD9018F3B94400FF64A1 /* noAdvertisements */,
			);
			name = Products;
			sourceTree = "<group>";
		};
		1222FD9218F3B94400FF64A1 /* noAdvertisements */ = {
			isa = PBXGroup;
			children = (
				1222FD9318F3B94400FF64A1 /* Supporting Files */,
			);
			path = noAdvertisements;
			sourceTree = "<group>";
		};
		1222FD9318F3B94400FF64A1 /* Supporting Files */ = {
			isa = PBXGroup;
			children = (
				1222FD9418F3B94400FF64A1 /* ContentInfo.plist */,
			);
			name = "Supporting Files";
			sourceTree = "<group>";
		};
/* End PBXGroup section */

/* Begin PBXNativeTarget section */
		1222FD8F18F3B94400FF64A1 /* noAdvertisements */ = {
			isa = PBXNativeTarget;
			buildConfigurationList = 1222FD9718F3B94400FF64A1 /* Build configuration list for PBXNativeTarget "noAdvertisements" */;
			buildPhases = (
				1222FD8E18F3B94400FF64A1 /* Resources */,
			);
			buildRules = (
			);
			dependencies = (
			);
			name = noAdvertisements;
			productName = noAdvertisements;
			productReference = 1222FD9018F3B94400FF64A1 /* noAdvertisements */;
			productType = "com.apple.product-type.in-app-purchase-content";
		};
/* End PBXNativeTarget section */

/* Begin PBXProject section */
		1222FD8A18F3B94400FF64A1 /* Project object */ = {
			isa = PBXProject;
			attributes = {
				LastUpgradeCheck = 0510;
				ORGANIZATIONNAME = Pluggables;
			};
			buildConfigurationList = 1222FD8D18F3B94400FF64A1 /* Build configuration list for PBXProject "noAdvertisements" */;
			compatibilityVersion = "Xcode 3.2";
			developmentRegion = English;
			hasScannedForEncodings = 0;
			knownRegions = (
				en,
			);
			mainGroup = 1222FD8918F3B94400FF64A1;
			productRefGroup = 1222FD9118F3B94400FF64A1 /* Products */;
			projectDirPath = "";
			projectRoot = "";
			targets = (
				1222FD8F18F3B94400FF64A1 /* noAdvertisements */,
			);
		};
/* End PBXProject section */

/* Begin PBXResourcesBuildPhase section */
		1222FD8E18F3B94400FF64A1 /* Resources */ = {
			isa = PBXResourcesBuildPhase;
			buildActionMask = 2147483647;
			files = (
			);
			runOnlyForDeploymentPostprocessing = 0;
		};
/* End PBXResourcesBuildPhase section */

/* Begin XCBuildConfiguration section */
		1222FD9518F3B94400FF64A1 /* Debug */ = {
			isa = XCBuildConfiguration;
			buildSettings = {
				ALWAYS_SEARCH_USER_PATHS = NO;
				CLANG_CXX_LANGUAGE_STANDARD = "gnu++0x";
				CLANG_CXX_LIBRARY = "libc++";
				CLANG_ENABLE_MODULES = YES;
				CLANG_ENABLE_OBJC_ARC = YES;
				CLANG_WARN_BOOL_CONVERSION = YES;
				CLANG_WARN_CONSTANT_CONVERSION = YES;
				CLANG_WARN_DIRECT_OBJC_ISA_USAGE = YES_ERROR;
				CLANG_WARN_EMPTY_BODY = YES;
				CLANG_WARN_ENUM_CONVERSION = YES;
				CLANG_WARN_INT_CONVERSION = YES;
				CLANG_WARN_OBJC_ROOT_CLASS = YES_ERROR;
				CLANG_WARN__DUPLICATE_METHOD_MATCH = YES;
				COPY_PHASE_STRIP = NO;
				GCC_C_LANGUAGE_STANDARD = gnu99;
				GCC_DYNAMIC_NO_PIC = NO;
				GCC_OPTIMIZATION_LEVEL = 0;
				GCC_PREPROCESSOR_DEFINITIONS = (
					"DEBUG=1",
					"$(inherited)",
				);
				GCC_SYMBOLS_PRIVATE_EXTERN = NO;
				GCC_WARN_64_TO_32_BIT_CONVERSION = YES;
				GCC_WARN_ABOUT_RETURN_TYPE = YES_ERROR;
				GCC_WARN_UNDECLARED_SELECTOR = YES;
				GCC_WARN_UNINITIALIZED_AUTOS = YES_AGGRESSIVE;
				GCC_WARN_UNUSED_FUNCTION = YES;
				GCC_WARN_UNUSED_VARIABLE = YES;
			};
			name = Debug;
		};
		1222FD9618F3B94400FF64A1 /* Release */ = {
			isa = XCBuildConfiguration;
			buildSettings = {
				ALWAYS_SEARCH_USER_PATHS = NO;
				CLANG_CXX_LANGUAGE_STANDARD = "gnu++0x";
				CLANG_CXX_LIBRARY = "libc++";
				CLANG_ENABLE_MODULES = YES;
				CLANG_ENABLE_OBJC_ARC = YES;
				CLANG_WARN_BOOL_CONVERSION = YES;
				CLANG_WARN_CONSTANT_CONVERSION = YES;
				CLANG_WARN_DIRECT_OBJC_ISA_USAGE = YES_ERROR;
				CLANG_WARN_EMPTY_BODY = YES;
				CLANG_WARN_ENUM_CONVERSION = YES;
				CLANG_WARN_INT_CONVERSION = YES;
				CLANG_WARN_OBJC_ROOT_CLASS = YES_ERROR;
				CLANG_WARN__DUPLICATE_METHOD_MATCH = YES;
				COPY_PHASE_STRIP = YES;
				ENABLE_NS_ASSERTIONS = NO;
				GCC_C_LANGUAGE_STANDARD = gnu99;
				GCC_WARN_64_TO_32_BIT_CONVERSION = YES;
				GCC_WARN_ABOUT_RETURN_TYPE = YES_ERROR;
				GCC_WARN_UNDECLARED_SELECTOR = YES;
				GCC_WARN_UNINITIALIZED_AUTOS = YES_AGGRESSIVE;
				GCC_WARN_UNUSED_FUNCTION = YES;
				GCC_WARN_UNUSED_VARIABLE = YES;
			};
			name = Release;
		};
		1222FD9818F3B94400FF64A1 /* Debug */ = {
			isa = XCBuildConfiguration;
			buildSettings = {
				INFOPLIST_FILE = noAdvertisements/ContentInfo.plist;
				INSTALL_PATH = "$(LOCAL_LIBRARY_DIR)/InAppPurchaseContent";
				PRODUCT_NAME = "$(TARGET_NAME)";
				WRAPPER_EXTENSION = "";
			};
			name = Debug;
		};
		1222FD9918F3B94400FF64A1 /* Release */ = {
			isa = XCBuildConfiguration;
			buildSettings = {
				INFOPLIST_FILE = noAdvertisements/ContentInfo.plist;
				INSTALL_PATH = "$(LOCAL_LIBRARY_DIR)/InAppPurchaseContent";
				PRODUCT_NAME = "$(TARGET_NAME)";
				WRAPPER_EXTENSION = "";
			};
			name = Release;
		};
/* End XCBuildConfiguration section */

/* Begin XCConfigurationList section */
		1222FD8D18F3B94400FF64A1 /* Build configuration list for PBXProject "noAdvertisements" */ = {
			isa = XCConfigurationList;
			buildConfigurations = (
				1222FD9518F3B94400FF64A1 /* Debug */,
				1222FD9618F3B94400FF64A1 /* Release */,
			);
			defaultConfigurationIsVisible = 0;
			defaultConfigurationName = Release;
		};
		1222FD9718F3B94400FF64A1 /* Build configuration list for PBXNativeTarget "noAdvertisements" */ = {
			isa = XCConfigurationList;
			buildConfigurations = (
				1222FD9818F3B94400FF64A1 /* Debug */,
				1222FD9918F3B94400FF64A1 /* Release */,
			);
			defaultConfigurationIsVisible = 0;
		};
/* End XCConfigurationList section */
	};
	rootObject = 1222FD8A18F3B94400FF64A1 /* Project object */;
}
